
Microsoft Visual Studio Solution File, Format Version 12.00
# Visual Studio 15
VisualStudioVersion = 15.0.28307.168
MinimumVisualStudioVersion = 10.0.40219.1
Project("{FAE04EC0-301F-11D3-BF4B-00C04F79EFBC}") = "ConsoleApp3", "ConsoleApp3\ConsoleApp3.csproj", "{8C2C1BE2-7CE1-43AA-9F8C-6C0816505709}"
EndProject
Global
	GlobalSection(SolutionConfigurationPlatforms) = preSolution
		Debug|Any CPU = Debug|Any CPU
		Release|Any CPU = Release|Any CPU
	EndGlobalSection
	GlobalSection(ProjectConfigurationPlatforms) = postSolution
		{8C2C1BE2-7CE1-43AA-9F8C-6C0816505709}.Debug|Any CPU.ActiveCfg = Debug|Any CPU
		{8C2C1BE2-7CE1-43AA-9F8C-6C0816505709}.Debug|Any CPU.Build.0 = Debug|Any CPU
		{8C2C1BE2-7CE1-43AA-9F8C-6C0816505709}.Release|Any CPU.ActiveCfg = Release|Any CPU
		{8C2C1BE2-7CE1-43AA-9F8C-6C0816505709}.Release|Any CPU.Build.0 = Release|Any CPU
	EndGlobalSection
	GlobalSection(SolutionProperties) = preSolution
		HideSolutionNode = FALSE
	EndGlobalSection
	GlobalSection(ExtensibilityGlobals) = postSolution
		SolutionGuid = {ACEEA88A-30C2-4730-B0C5-C95A0CED703A}
	EndGlobalSection
EndGlobal
